
Microsoft Visual Studio Solution File, Format Version 12.00
# Visual Studio Version 17
VisualStudioVersion = 17.6.33815.320
MinimumVisualStudioVersion = 10.0.40219.1
Project("{FAE04EC0-301F-11D3-BF4B-00C04F79EFBC}") = "H_W_Mod3_4", "H_W_Mod3_4\H_W_Mod3_4.csproj", "{955EB544-75A2-4B90-997E-F3DF8F062A9A}"
EndProject
Global
	GlobalSection(SolutionConfigurationPlatforms) = preSolution
		Debug|Any CPU = Debug|Any CPU
		Release|Any CPU = Release|Any CPU
	EndGlobalSection
	GlobalSection(ProjectConfigurationPlatforms) = postSolution
		{955EB544-75A2-4B90-997E-F3DF8F062A9A}.Debug|Any CPU.ActiveCfg = Debug|Any CPU
		{955EB544-75A2-4B90-997E-F3DF8F062A9A}.Debug|Any CPU.Build.0 = Debug|Any CPU
		{955EB544-75A2-4B90-997E-F3DF8F062A9A}.Release|Any CPU.ActiveCfg = Release|Any CPU
		{955EB544-75A2-4B90-997E-F3DF8F062A9A}.Release|Any CPU.Build.0 = Release|Any CPU
	EndGlobalSection
	GlobalSection(SolutionProperties) = preSolution
		HideSolutionNode = FALSE
	EndGlobalSection
	GlobalSection(ExtensibilityGlobals) = postSolution
		SolutionGuid = {C27D5BC8-9A3D-4777-A96B-BF467D2C9DC8}
	EndGlobalSection
EndGlobal
